{
  "requires": true,
  "lockfileVersion": 1,
  "dependencies": {
    "ajv": {
      "version": "https://registry.npmjs.org/ajv/-/ajv-5.0.1.tgz",
      "integrity": "sha1-X9Go9cySs3GqhkRbEVL9TeyESsk=",
      "requires": {
        "co": "https://registry.npmjs.org/co/-/co-4.6.0.tgz",
        "json-stable-stringify": "https://registry.npmjs.org/json-stable-stringify/-/json-stable-stringify-1.0.1.tgz"
      }
    },
    "array-back": {
      "version": "https://registry.npmjs.org/array-back/-/array-back-1.0.4.tgz",
      "integrity": "sha1-ZEun8JX3/898Q7Xw3DnTwfA8Bjs=",
      "requires": {
        "typical": "https://registry.npmjs.org/typical/-/typical-2.6.0.tgz"
      }
    },
    "aws-sdk": {
      "version": "https://registry.npmjs.org/aws-sdk/-/aws-sdk-2.39.0.tgz",
      "integrity": "sha1-uMfnsXxbgHpSnKHDo7BZ83HgqGY=",
      "requires": {
        "buffer": "https://registry.npmjs.org/buffer/-/buffer-4.9.1.tgz",
        "crypto-browserify": "https://registry.npmjs.org/crypto-browserify/-/crypto-browserify-1.0.9.tgz",
        "jmespath": "https://registry.npmjs.org/jmespath/-/jmespath-0.15.0.tgz",
        "querystring": "https://registry.npmjs.org/querystring/-/querystring-0.2.0.tgz",
        "sax": "https://registry.npmjs.org/sax/-/sax-1.2.1.tgz",
        "url": "https://registry.npmjs.org/url/-/url-0.10.3.tgz",
        "uuid": "https://registry.npmjs.org/uuid/-/uuid-3.0.1.tgz",
        "xml2js": "https://registry.npmjs.org/xml2js/-/xml2js-0.4.17.tgz",
        "xmlbuilder": "https://registry.npmjs.org/xmlbuilder/-/xmlbuilder-4.2.1.tgz"
      },
      "dependencies": {
        "uuid": {
          "version": "https://registry.npmjs.org/uuid/-/uuid-3.0.1.tgz",
          "integrity": "sha1-ZUS7ot/ajBzxfmKaOjBeK7H+5sE="
        }
      }
    },
    "base64-js": {
      "version": "https://registry.npmjs.org/base64-js/-/base64-js-1.2.0.tgz",
      "integrity": "sha1-o5mS1yNYSBGYK+XikLtqU9hnAPE="
    },
    "bluebird": {
      "version": "3.5.1",
      "resolved": "https://registry.npmjs.org/bluebird/-/bluebird-3.5.1.tgz",
      "integrity": "sha512-MKiLiV+I1AA596t9w1sQJ8jkiSr5+ZKi0WKrYGUn6d1Fx+Ij4tIj+m2WMQSGczs5jZVxV339chE8iwk6F64wjA=="
    },
    "buffer": {
      "version": "https://registry.npmjs.org/buffer/-/buffer-4.9.1.tgz",
      "integrity": "sha1-bRu2AbB6TvztlwlBMgkwJ8lbwpg=",
      "requires": {
        "base64-js": "https://registry.npmjs.org/base64-js/-/base64-js-1.2.0.tgz",
        "ieee754": "https://registry.npmjs.org/ieee754/-/ieee754-1.1.8.tgz",
        "isarray": "https://registry.npmjs.org/isarray/-/isarray-1.0.0.tgz"
      }
    },
    "buffer-crc32": {
      "version": "https://registry.npmjs.org/buffer-crc32/-/buffer-crc32-0.2.13.tgz",
      "integrity": "sha1-DTM+PwDqxQqhRUq9MO+MKl2ackI="
    },
    "co": {
      "version": "https://registry.npmjs.org/co/-/co-4.6.0.tgz",
      "integrity": "sha1-bqa989hTrlTMuOR7+gvz+QMfsYQ="
    },
    "command-line-args": {
      "version": "https://registry.npmjs.org/command-line-args/-/command-line-args-4.0.2.tgz",
      "integrity": "sha1-qZwvKM6rzyasVtOOeLYA6jtX5lA=",
      "requires": {
        "array-back": "https://registry.npmjs.org/array-back/-/array-back-1.0.4.tgz",
        "find-replace": "https://registry.npmjs.org/find-replace/-/find-replace-1.0.3.tgz",
        "typical": "https://registry.npmjs.org/typical/-/typical-2.6.0.tgz"
      }
    },
    "crypto": {
      "version": "https://registry.npmjs.org/crypto/-/crypto-0.0.3.tgz",
      "integrity": "sha1-RwqBuGvkxe4XrMggeh9TFa4g27A="
    },
    "crypto-browserify": {
      "version": "https://registry.npmjs.org/crypto-browserify/-/crypto-browserify-1.0.9.tgz",
      "integrity": "sha1-zFRJaF37hesRyYKKzHy4erW7/MA="
    },
    "find-replace": {
      "version": "https://registry.npmjs.org/find-replace/-/find-replace-1.0.3.tgz",
      "integrity": "sha1-uI5zZNLZyVlVnziMZmcNYTBEH6A=",
      "requires": {
        "array-back": "https://registry.npmjs.org/array-back/-/array-back-1.0.4.tgz",
        "test-value": "https://registry.npmjs.org/test-value/-/test-value-2.1.0.tgz"
      }
    },
    "ieee754": {
      "version": "https://registry.npmjs.org/ieee754/-/ieee754-1.1.8.tgz",
      "integrity": "sha1-vjPUCsEO8ZJnAfbwii2G+/0a0+Q="
    },
    "isarray": {
      "version": "https://registry.npmjs.org/isarray/-/isarray-1.0.0.tgz",
      "integrity": "sha1-u5NdSFgsuhaMBoNJV6VKPgcSTxE="
    },
    "jmespath": {
      "version": "https://registry.npmjs.org/jmespath/-/jmespath-0.15.0.tgz",
      "integrity": "sha1-o/Iiqarp+Wb10nx5ZRDigJF2Qhc="
    },
    "json-stable-stringify": {
      "version": "https://registry.npmjs.org/json-stable-stringify/-/json-stable-stringify-1.0.1.tgz",
      "integrity": "sha1-mnWdOcXy/1A/1TAGRu1EX4jE+a8=",
      "requires": {
        "jsonify": "https://registry.npmjs.org/jsonify/-/jsonify-0.0.0.tgz"
      }
    },
    "jsonify": {
      "version": "https://registry.npmjs.org/jsonify/-/jsonify-0.0.0.tgz",
      "integrity": "sha1-LHS27kHZPKUbe1qu6PUDYx0lKnM="
    },
    "later": {
      "version": "1.2.0",
      "resolved": "https://registry.npmjs.org/later/-/later-1.2.0.tgz",
      "integrity": "sha1-8s9sTdeVbdL1IK3wMpg26YdrrQ8="
    },
    "lodash": {
      "version": "https://registry.npmjs.org/lodash/-/lodash-4.17.4.tgz",
      "integrity": "sha1-eCA6TRwyiuHYbcpkYONptX9AVa4="
    },
    "lodash.isplainobject": {
      "version": "4.0.6",
      "resolved": "https://registry.npmjs.org/lodash.isplainobject/-/lodash.isplainobject-4.0.6.tgz",
      "integrity": "sha1-fFJqUtibRcRcxpC4gWO+BJf1UMs="
    },
    "object-assign": {
      "version": "https://registry.npmjs.org/object-assign/-/object-assign-4.1.1.tgz",
      "integrity": "sha1-IQmtx5ZYh8/AXLvUQsrIv7s2CGM="
    },
    "paypal": {
      "version": "https://registry.npmjs.org/paypal/-/paypal-1.0.1.tgz",
      "integrity": "sha1-BYzVwWcMKgZ77Mj/vdFdFXTyKMU=",
      "requires": {
        "underscore": "1.3.3"
      },
      "dependencies": {
        "underscore": {
          "version": "1.3.3",
          "resolved": "https://registry.npmjs.org/underscore/-/underscore-1.3.3.tgz",
          "integrity": "sha1-R6xTaD2vgyv6lS4XdEF9pHgXrkI="
        }
      }
    },
    "paypal-rest-sdk": {
      "version": "https://registry.npmjs.org/paypal-rest-sdk/-/paypal-rest-sdk-1.7.1.tgz",
      "integrity": "sha1-HXOIXMd1w4+5sWXQYKbGITj0AL0=",
      "requires": {
        "buffer-crc32": "https://registry.npmjs.org/buffer-crc32/-/buffer-crc32-0.2.13.tgz",
        "semver": "https://registry.npmjs.org/semver/-/semver-5.3.0.tgz",
        "uuid": "https://registry.npmjs.org/uuid/-/uuid-2.0.3.tgz"
      }
    },
    "punycode": {
      "version": "https://registry.npmjs.org/punycode/-/punycode-1.3.2.tgz",
      "integrity": "sha1-llOgNvt8HuQjQvIyXM7v6jkmxI0="
    },
    "qs": {
      "version": "6.5.1",
      "resolved": "https://registry.npmjs.org/qs/-/qs-6.5.1.tgz",
      "integrity": "sha512-eRzhrN1WSINYCDCbrz796z37LOe3m5tmW7RQf6oBntukAG1nmovJvhnwHHRMAfeoItc1m2Hk02WER2aQ/iqs+A=="
    },
    "query-string": {
      "version": "https://registry.npmjs.org/query-string/-/query-string-4.3.2.tgz",
      "integrity": "sha1-7A/XZfWKUAMaOWjCQxOG+JR6XN0=",
      "requires": {
        "object-assign": "https://registry.npmjs.org/object-assign/-/object-assign-4.1.1.tgz",
        "strict-uri-encode": "https://registry.npmjs.org/strict-uri-encode/-/strict-uri-encode-1.1.0.tgz"
      }
    },
    "querystring": {
      "version": "https://registry.npmjs.org/querystring/-/querystring-0.2.0.tgz",
      "integrity": "sha1-sgmEkgO7Jd+CDadW50cAWHhSFiA="
    },
    "safe-buffer": {
      "version": "5.1.1",
      "resolved": "https://registry.npmjs.org/safe-buffer/-/safe-buffer-5.1.1.tgz",
      "integrity": "sha512-kKvNJn6Mm93gAczWVJg7wH+wGYWNrDHdWvpUmHyEsgCtIwwo3bqPtV4tR5tuPaUhTOo/kvhVwd8XwwOllGYkbg=="
    },
    "sax": {
      "version": "https://registry.npmjs.org/sax/-/sax-1.2.1.tgz",
      "integrity": "sha1-e45lYZCyKOgaZq6nSEgNgozS03o="
    },
    "semver": {
      "version": "https://registry.npmjs.org/semver/-/semver-5.3.0.tgz",
      "integrity": "sha1-myzl094C0XxgEq0yaqa00M9U+U8="
    },
    "sprintf-js": {
      "version": "1.1.1",
      "resolved": "https://registry.npmjs.org/sprintf-js/-/sprintf-js-1.1.1.tgz",
      "integrity": "sha1-Nr54Mgr+WAH2zqPueLblqrlA6gw="
    },
    "strict-uri-encode": {
      "version": "https://registry.npmjs.org/strict-uri-encode/-/strict-uri-encode-1.1.0.tgz",
      "integrity": "sha1-J5siXfHVgrH1TmWt3UNS4Y+qBxM="
    },
    "stripe": {
      "version": "5.4.0",
      "resolved": "https://registry.npmjs.org/stripe/-/stripe-5.4.0.tgz",
      "integrity": "sha512-VCDFp4oQu1uOcOLHIwRIznH8ikLJcpDsHahWN48V/QuV6y2Bm281cq5wnkjqv+LPdUpqXVp9pjlb+SfN6dnyZg==",
      "requires": {
        "bluebird": "3.5.1",
        "lodash.isplainobject": "4.0.6",
        "qs": "6.5.1",
        "safe-buffer": "5.1.1"
      }
    },
    "test-value": {
      "version": "https://registry.npmjs.org/test-value/-/test-value-2.1.0.tgz",
      "integrity": "sha1-Edpv9nDzRxpztiXKTz/c97t0gpE=",
      "requires": {
        "array-back": "https://registry.npmjs.org/array-back/-/array-back-1.0.4.tgz",
        "typical": "https://registry.npmjs.org/typical/-/typical-2.6.0.tgz"
      }
    },
    "typical": {
      "version": "https://registry.npmjs.org/typical/-/typical-2.6.0.tgz",
      "integrity": "sha1-idUVVKsTmEimW8wsh3L4+0UMQO0="
    },
    "underscore": {
      "version": "1.8.3",
      "resolved": "https://registry.npmjs.org/underscore/-/underscore-1.8.3.tgz",
      "integrity": "sha1-Tz+1OxBuYJf8+ctBCfKl6b36UCI="
    },
    "underscore.string": {
      "version": "3.3.4",
      "resolved": "https://registry.npmjs.org/underscore.string/-/underscore.string-3.3.4.tgz",
      "integrity": "sha1-LCo/n4PmR2L9xF5s6sZRQoZCE9s=",
      "requires": {
        "sprintf-js": "1.1.1",
        "util-deprecate": "1.0.2"
      }
    },
    "url": {
      "version": "https://registry.npmjs.org/url/-/url-0.10.3.tgz",
      "integrity": "sha1-Ah5NnHcF8hu/N9A861h2dAJ3TGQ=",
      "requires": {
        "punycode": "https://registry.npmjs.org/punycode/-/punycode-1.3.2.tgz",
        "querystring": "https://registry.npmjs.org/querystring/-/querystring-0.2.0.tgz"
      }
    },
    "utf8": {
      "version": "https://registry.npmjs.org/utf8/-/utf8-2.1.2.tgz",
      "integrity": "sha1-H6DZJw6b6FDZsFAn9jUZv0ZFfZY="
    },
    "util-deprecate": {
      "version": "1.0.2",
      "resolved": "https://registry.npmjs.org/util-deprecate/-/util-deprecate-1.0.2.tgz",
      "integrity": "sha1-RQ1Nyfpw3nMnYvvS1KKJgUGaDM8="
    },
    "uuid": {
      "version": "https://registry.npmjs.org/uuid/-/uuid-2.0.3.tgz",
      "integrity": "sha1-Z+LoY3lyFVMN/zGOW/nc6/1Hsho="
    },
    "xml2js": {
      "version": "https://registry.npmjs.org/xml2js/-/xml2js-0.4.17.tgz",
      "integrity": "sha1-F76T6q4/O3eTWceVtBlwWogX6Gg=",
      "requires": {
        "sax": "https://registry.npmjs.org/sax/-/sax-1.2.1.tgz",
        "xmlbuilder": "https://registry.npmjs.org/xmlbuilder/-/xmlbuilder-4.2.1.tgz"
      }
    },
    "xmlbuilder": {
      "version": "https://registry.npmjs.org/xmlbuilder/-/xmlbuilder-4.2.1.tgz",
      "integrity": "sha1-qlijBBoGb5DqoWwvU4n/GfP0YaU=",
      "requires": {
        "lodash": "https://registry.npmjs.org/lodash/-/lodash-4.17.4.tgz"
      }
    },
    "xregexp": {
      "version": "https://registry.npmjs.org/xregexp/-/xregexp-3.1.1.tgz",
      "integrity": "sha1-juGNde9cfLP5ln+NKUFKbKWxoYQ="
    }
  }
}
